// !$*UTF8*$!
{
	archiveVersion = 1;
	classes = {
	};
	objectVersion = 46;
	objects = {

/* Begin PBXBuildFile section */
		C6DC9840242FB1FF00686BBE /* AppDelegate.swift in Sources */ = {isa = PBXBuildFile; fileRef = C6DC983F242FB1FF00686BBE /* AppDelegate.swift */; };
		C6DC9842242FB1FF00686BBE /* ViewController.swift in Sources */ = {isa = PBXBuildFile; fileRef = C6DC9841242FB1FF00686BBE /* ViewController.swift */; };
		C6DC9845242FB1FF00686BBE /* Main.storyboard in Resources */ = {isa = PBXBuildFile; fileRef = C6DC9843242FB1FF00686BBE /* Main.storyboard */; };
		C6DC9847242FB1FF00686BBE /* Assets.xcassets in Resources */ = {isa = PBXBuildFile; fileRef = C6DC9846242FB1FF00686BBE /* Assets.xcassets */; };
		C6DC984A242FB1FF00686BBE /* LaunchScreen.storyboard in Resources */ = {isa = PBXBuildFile; fileRef = C6DC9848242FB1FF00686BBE /* LaunchScreen.storyboard */; };
/* End PBXBuildFile section */

/* Begin PBXFileReference section */
		C6DC983C242FB1FF00686BBE /* day4_shree_QRGeneratorExample.app */ = {isa = PBXFileReference; explicitFileType = wrapper.application; includeInIndex = 0; path = day4_shree_QRGeneratorExample.app; sourceTree = BUILT_PRODUCTS_DIR; };
		C6DC983F242FB1FF00686BBE /* AppDelegate.swift */ = {isa = PBXFileReference; lastKnownFileType = sourcecode.swift; path = AppDelegate.swift; sourceTree = "<group>"; };
		C6DC9841242FB1FF00686BBE /* ViewController.swift */ = {isa = PBXFileReference; lastKnownFileType = sourcecode.swift; path = ViewController.swift; sourceTree = "<group>"; };
		C6DC9844242FB1FF00686BBE /* Base */ = {isa = PBXFileReference; lastKnownFileType = file.storyboard; name = Base; path = Base.lproj/Main.storyboard; sourceTree = "<group>"; };
		C6DC9846242FB1FF00686BBE /* Assets.xcassets */ = {isa = PBXFileReference; lastKnownFileType = folder.assetcatalog; path = Assets.xcassets; sourceTree = "<group>"; };
		C6DC9849242FB1FF00686BBE /* Base */ = {isa = PBXFileReference; lastKnownFileType = file.storyboard; name = Base; path = Base.lproj/LaunchScreen.storyboard; sourceTree = "<group>"; };
		C6DC984B242FB1FF00686BBE /* Info.plist */ = {isa = PBXFileReference; lastKnownFileType = text.plist.xml; path = Info.plist; sourceTree = "<group>"; };
/* End PBXFileReference section */

/* Begin PBXFrameworksBuildPhase section */
		C6DC9839242FB1FF00686BBE /* Frameworks */ = {
			isa = PBXFrameworksBuildPhase;
			buildActionMask = 2147483647;
			files = (
			);
			runOnlyForDeploymentPostprocessing = 0;
		};
/* End PBXFrameworksBuildPhase section */

/* Begin PBXGroup section */
		C6DC9833242FB1FF00686BBE = {
			isa = PBXGroup;
			children = (
				C6DC983E242FB1FF00686BBE /* day4_shree_QRGeneratorExample */,
				C6DC983D242FB1FF00686BBE /* Products */,
			);
			sourceTree = "<group>";
		};
		C6DC983D242FB1FF00686BBE /* Products */ = {
			isa = PBXGroup;
			children = (
				C6DC983C242FB1FF00686BBE /* day4_shree_QRGeneratorExample.app */,
			);
			name = Products;
			sourceTree = "<group>";
		};
		C6DC983E242FB1FF00686BBE /* day4_shree_QRGeneratorExample */ = {
			isa = PBXGroup;
			children = (
				C6DC983F242FB1FF00686BBE /* AppDelegate.swift */,
				C6DC9841242FB1FF00686BBE /* ViewController.swift */,
				C6DC9843242FB1FF00686BBE /* Main.storyboard */,
				C6DC9846242FB1FF00686BBE /* Assets.xcassets */,
				C6DC9848242FB1FF00686BBE /* LaunchScreen.storyboard */,
				C6DC984B242FB1FF00686BBE /* Info.plist */,
			);
			path = day4_shree_QRGeneratorExample;
			sourceTree = "<group>";
		};
/* End PBXGroup section */

/* Begin PBXNativeTarget section */
		C6DC983B242FB1FF00686BBE /* day4_shree_QRGeneratorExample */ = {
			isa = PBXNativeTarget;
			buildConfigurationList = C6DC984E242FB1FF00686BBE /* Build configuration list for PBXNativeTarget "day4_shree_QRGeneratorExample" */;
			buildPhases = (
				C6DC9838242FB1FF00686BBE /* Sources */,
				C6DC9839242FB1FF00686BBE /* Frameworks */,
				C6DC983A242FB1FF00686BBE /* Resources */,
			);
			buildRules = (
			);
			dependencies = (
			);
			name = day4_shree_QRGeneratorExample;
			productName = day4_shree_QRGeneratorExample;
			productReference = C6DC983C242FB1FF00686BBE /* day4_shree_QRGeneratorExample.app */;
			productType = "com.apple.product-type.application";
		};
/* End PBXNativeTarget section */

/* Begin PBXProject section */
		C6DC9834242FB1FF00686BBE /* Project object */ = {
			isa = PBXProject;
			attributes = {
				LastSwiftUpdateCheck = 0800;
				LastUpgradeCheck = 0800;
				ORGANIZATIONNAME = Bishal;
				TargetAttributes = {
					C6DC983B242FB1FF00686BBE = {
						CreatedOnToolsVersion = 8.0;
						ProvisioningStyle = Automatic;
					};
				};
			};
			buildConfigurationList = C6DC9837242FB1FF00686BBE /* Build configuration list for PBXProject "day4_shree_QRGeneratorExample" */;
			compatibilityVersion = "Xcode 3.2";
			developmentRegion = English;
			hasScannedForEncodings = 0;
			knownRegions = (
				en,
				Base,
			);
			mainGroup = C6DC9833242FB1FF00686BBE;
			productRefGroup = C6DC983D242FB1FF00686BBE /* Products */;
			projectDirPath = "";
			projectRoot = "";
			targets = (
				C6DC983B242FB1FF00686BBE /* day4_shree_QRGeneratorExample */,
			);
		};
/* End PBXProject section */

/* Begin PBXResourcesBuildPhase section */
		C6DC983A242FB1FF00686BBE /* Resources */ = {
			isa = PBXResourcesBuildPhase;
			buildActionMask = 2147483647;
			files = (
				C6DC984A242FB1FF00686BBE /* LaunchScreen.storyboard in Resources */,
				C6DC9847242FB1FF00686BBE /* Assets.xcassets in Resources */,
				C6DC9845242FB1FF00686BBE /* Main.storyboard in Resources */,
			);
			runOnlyForDeploymentPostprocessing = 0;
		};
/* End PBXResourcesBuildPhase section */

/* Begin PBXSourcesBuildPhase section */
		C6DC9838242FB1FF00686BBE /* Sources */ = {
			isa = PBXSourcesBuildPhase;
			buildActionMask = 2147483647;
			files = (
				C6DC9842242FB1FF00686BBE /* ViewController.swift in Sources */,
				C6DC9840242FB1FF00686BBE /* AppDelegate.swift in Sources */,
			);
			runOnlyForDeploymentPostprocessing = 0;
		};
/* End PBXSourcesBuildPhase section */

/* Begin PBXVariantGroup section */
		C6DC9843242FB1FF00686BBE /* Main.storyboard */ = {
			isa = PBXVariantGroup;
			children = (
				C6DC9844242FB1FF00686BBE /* Base */,
			);
			name = Main.storyboard;
			sourceTree = "<group>";
		};
		C6DC9848242FB1FF00686BBE /* LaunchScreen.storyboard */ = {
			isa = PBXVariantGroup;
			children = (
				C6DC9849242FB1FF00686BBE /* Base */,
			);
			name = LaunchScreen.storyboard;
			sourceTree = "<group>";
		};
/* End PBXVariantGroup section */

/* Begin XCBuildConfiguration section */
		C6DC984C242FB1FF00686BBE /* Debug */ = {
			isa = XCBuildConfiguration;
			buildSettings = {
				ALWAYS_SEARCH_USER_PATHS = NO;
				CLANG_ANALYZER_NONNULL = YES;
				CLANG_CXX_LANGUAGE_STANDARD = "gnu++0x";
				CLANG_CXX_LIBRARY = "libc++";
				CLANG_ENABLE_MODULES = YES;
				CLANG_ENABLE_OBJC_ARC = YES;
				CLANG_WARN_BOOL_CONVERSION = YES;
				CLANG_WARN_CONSTANT_CONVERSION = YES;
				CLANG_WARN_DIRECT_OBJC_ISA_USAGE = YES_ERROR;
				CLANG_WARN_DOCUMENTATION_COMMENTS = YES;
				CLANG_WARN_EMPTY_BODY = YES;
				CLANG_WARN_ENUM_CONVERSION = YES;
				CLANG_WARN_INFINITE_RECURSION = YES;
				CLANG_WARN_INT_CONVERSION = YES;
				CLANG_WARN_OBJC_ROOT_CLASS = YES_ERROR;
				CLANG_WARN_SUSPICIOUS_MOVES = YES;
				CLANG_WARN_UNREACHABLE_CODE = YES;
				CLANG_WARN__DUPLICATE_METHOD_MATCH = YES;
				"CODE_SIGN_IDENTITY[sdk=iphoneos*]" = "iPhone Developer";
				COPY_PHASE_STRIP = NO;
				DEBUG_INFORMATION_FORMAT = dwarf;
				ENABLE_STRICT_OBJC_MSGSEND = YES;
				ENABLE_TESTABILITY = YES;
				GCC_C_LANGUAGE_STANDARD = gnu99;
				GCC_DYNAMIC_NO_PIC = NO;
				GCC_NO_COMMON_BLOCKS = YES;
				GCC_OPTIMIZATION_LEVEL = 0;
				GCC_PREPROCESSOR_DEFINITIONS = (
					"DEBUG=1",
					"$(inherited)",
				);
				GCC_WARN_64_TO_32_BIT_CONVERSION = YES;
				GCC_WARN_ABOUT_RETURN_TYPE = YES_ERROR;
				GCC_WARN_UNDECLARED_SELECTOR = YES;
				GCC_WARN_UNINITIALIZED_AUTOS = YES_AGGRESSIVE;
				GCC_WARN_UNUSED_FUNCTION = YES;
				GCC_WARN_UNUSED_VARIABLE = YES;
				IPHONEOS_DEPLOYMENT_TARGET = 10.0;
				MTL_ENABLE_DEBUG_INFO = YES;
				ONLY_ACTIVE_ARCH = YES;
				SDKROOT = iphoneos;
				SWIFT_ACTIVE_COMPILATION_CONDITIONS = DEBUG;
				SWIFT_OPTIMIZATION_LEVEL = "-Onone";
			};
			name = Debug;
		};
		C6DC984D242FB1FF00686BBE /* Release */ = {
			isa = XCBuildConfiguration;
			buildSettings = {
				ALWAYS_SEARCH_USER_PATHS = NO;
				CLANG_ANALYZER_NONNULL = YES;
				CLANG_CXX_LANGUAGE_STANDARD = "gnu++0x";
				CLANG_CXX_LIBRARY = "libc++";
				CLANG_ENABLE_MODULES = YES;
				CLANG_ENABLE_OBJC_ARC = YES;
				CLANG_WARN_BOOL_CONVERSION = YES;
				CLANG_WARN_CONSTANT_CONVERSION = YES;
				CLANG_WARN_DIRECT_OBJC_ISA_USAGE = YES_ERROR;
				CLANG_WARN_DOCUMENTATION_COMMENTS = YES;
				CLANG_WARN_EMPTY_BODY = YES;
				CLANG_WARN_ENUM_CONVERSION = YES;
				CLANG_WARN_INFINITE_RECURSION = YES;
				CLANG_WARN_INT_CONVERSION = YES;
				CLANG_WARN_OBJC_ROOT_CLASS = YES_ERROR;
				CLANG_WARN_SUSPICIOUS_MOVES = YES;
				CLANG_WARN_UNREACHABLE_CODE = YES;
				CLANG_WARN__DUPLICATE_METHOD_MATCH = YES;
				"CODE_SIGN_IDENTITY[sdk=iphoneos*]" = "iPhone Developer";
				COPY_PHASE_STRIP = NO;
				DEBUG_INFORMATION_FORMAT = "dwarf-with-dsym";
				ENABLE_NS_ASSERTIONS = NO;
				ENABLE_STRICT_OBJC_MSGSEND = YES;
				GCC_C_LANGUAGE_STANDARD = gnu99;
				GCC_NO_COMMON_BLOCKS = YES;
				GCC_WARN_64_TO_32_BIT_CONVERSION = YES;
				GCC_WARN_ABOUT_RETURN_TYPE = YES_ERROR;
				GCC_WARN_UNDECLARED_SELECTOR = YES;
				GCC_WARN_UNINITIALIZED_AUTOS = YES_AGGRESSIVE;
				GCC_WARN_UNUSED_FUNCTION = YES;
				GCC_WARN_UNUSED_VARIABLE = YES;
				IPHONEOS_DEPLOYMENT_TARGET = 10.0;
				MTL_ENABLE_DEBUG_INFO = NO;
				SDKROOT = iphoneos;
				SWIFT_OPTIMIZATION_LEVEL = "-Owholemodule";
				VALIDATE_PRODUCT = YES;
			};
			name = Release;
		};
		C6DC984F242FB1FF00686BBE /* Debug */ = {
			isa = XCBuildConfiguration;
			buildSettings = {
				ASSETCATALOG_COMPILER_APPICON_NAME = AppIcon;
				INFOPLIST_FILE = day4_shree_QRGeneratorExample/Info.plist;
				LD_RUNPATH_SEARCH_PATHS = "$(inherited) @executable_path/Frameworks";
				PRODUCT_BUNDLE_IDENTIFIER = "com.shree.winterlecture2020.day4-shree-QRGeneratorExample";
				PRODUCT_NAME = "$(TARGET_NAME)";
				SWIFT_VERSION = 3.0;
			};
			name = Debug;
		};
		C6DC9850242FB1FF00686BBE /* Release */ = {
			isa = XCBuildConfiguration;
			buildSettings = {
				ASSETCATALOG_COMPILER_APPICON_NAME = AppIcon;
				INFOPLIST_FILE = day4_shree_QRGeneratorExample/Info.plist;
				LD_RUNPATH_SEARCH_PATHS = "$(inherited) @executable_path/Frameworks";
				PRODUCT_BUNDLE_IDENTIFIER = "com.shree.winterlecture2020.day4-shree-QRGeneratorExample";
				PRODUCT_NAME = "$(TARGET_NAME)";
				SWIFT_VERSION = 3.0;
			};
			name = Release;
		};
/* End XCBuildConfiguration section */

/* Begin XCConfigurationList section */
		C6DC9837242FB1FF00686BBE /* Build configuration list for PBXProject "day4_shree_QRGeneratorExample" */ = {
			isa = XCConfigurationList;
			buildConfigurations = (
				C6DC984C242FB1FF00686BBE /* Debug */,
				C6DC984D242FB1FF00686BBE /* Release */,
			);
			defaultConfigurationIsVisible = 0;
			defaultConfigurationName = Release;
		};
		C6DC984E242FB1FF00686BBE /* Build configuration list for PBXNativeTarget "day4_shree_QRGeneratorExample" */ = {
			isa = XCConfigurationList;
			buildConfigurations = (
				C6DC984F242FB1FF00686BBE /* Debug */,
				C6DC9850242FB1FF00686BBE /* Release */,
			);
			defaultConfigurationIsVisible = 0;
		};
/* End XCConfigurationList section */
	};
	rootObject = C6DC9834242FB1FF00686BBE /* Project object */;
}
